# This file was autogenerated by Stack.
# You should not edit this file by hand.
# For more information, please see the documentation at:
#   https://docs.haskellstack.org/en/stable/lock_files

packages:
- completed:
    hackage: Stack-0.4.0@sha256:ada69a23ed9bbaf97260397f6b39b7a1f4e22a11bcac3fe2e8f23f1513f59fd8,1092
    pantry-tree:
      sha256: 4a0e8d5c268b9d19cb472ac94f0e2291afbb899ce4f5878bbbe86effeba36c6f
      size: 355
  original:
    hackage: Stack-0.4.0@sha256:ada69a23ed9bbaf97260397f6b39b7a1f4e22a11bcac3fe2e8f23f1513f59fd8,1092
snapshots:
- completed:
    sha256: 3e184a8f5e751ba159db999ce1bebe45143ce8422b525b4d2de6d9b849d203c9
    size: 720269
    url: https://raw.githubusercontent.com/commercialhaskell/stackage-snapshots/master/lts/22/42.yaml
  original: lts-22.42
